
Microsoft Visual Studio Solution File, Format Version 12.00
# Visual Studio Version 17
VisualStudioVersion = 17.2.32602.215
MinimumVisualStudioVersion = 10.0.40219.1
Project("{FAE04EC0-301F-11D3-BF4B-00C04F79EFBC}") = "Labs321", "Labs321\Labs321.csproj", "{ACC08B72-DD8F-4FC5-899B-38B075A5E279}"
EndProject
Global
	GlobalSection(SolutionConfigurationPlatforms) = preSolution
		Debug|Any CPU = Debug|Any CPU
		Release|Any CPU = Release|Any CPU
	EndGlobalSection
	GlobalSection(ProjectConfigurationPlatforms) = postSolution
		{ACC08B72-DD8F-4FC5-899B-38B075A5E279}.Debug|Any CPU.ActiveCfg = Debug|Any CPU
		{ACC08B72-DD8F-4FC5-899B-38B075A5E279}.Debug|Any CPU.Build.0 = Debug|Any CPU
		{ACC08B72-DD8F-4FC5-899B-38B075A5E279}.Release|Any CPU.ActiveCfg = Release|Any CPU
		{ACC08B72-DD8F-4FC5-899B-38B075A5E279}.Release|Any CPU.Build.0 = Release|Any CPU
	EndGlobalSection
	GlobalSection(SolutionProperties) = preSolution
		HideSolutionNode = FALSE
	EndGlobalSection
	GlobalSection(ExtensibilityGlobals) = postSolution
		SolutionGuid = {F5CD80DC-DB89-4887-BC60-A5D75509D3B3}
	EndGlobalSection
EndGlobal
