
Microsoft Visual Studio Solution File, Format Version 12.00
# Visual Studio Version 17
VisualStudioVersion = 17.2.32526.322
MinimumVisualStudioVersion = 10.0.40219.1
Project("{FAE04EC0-301F-11D3-BF4B-00C04F79EFBC}") = "CodikShmodick", "CodikShmodick\CodikShmodick.csproj", "{FEC4DB4D-C370-488A-BEB7-099AD4199FDE}"
EndProject
Global
	GlobalSection(SolutionConfigurationPlatforms) = preSolution
		Debug|Any CPU = Debug|Any CPU
		Release|Any CPU = Release|Any CPU
	EndGlobalSection
	GlobalSection(ProjectConfigurationPlatforms) = postSolution
		{FEC4DB4D-C370-488A-BEB7-099AD4199FDE}.Debug|Any CPU.ActiveCfg = Debug|Any CPU
		{FEC4DB4D-C370-488A-BEB7-099AD4199FDE}.Debug|Any CPU.Build.0 = Debug|Any CPU
		{FEC4DB4D-C370-488A-BEB7-099AD4199FDE}.Release|Any CPU.ActiveCfg = Release|Any CPU
		{FEC4DB4D-C370-488A-BEB7-099AD4199FDE}.Release|Any CPU.Build.0 = Release|Any CPU
	EndGlobalSection
	GlobalSection(SolutionProperties) = preSolution
		HideSolutionNode = FALSE
	EndGlobalSection
	GlobalSection(ExtensibilityGlobals) = postSolution
		SolutionGuid = {311E7E36-0B37-468D-B54B-8A7CC749835D}
	EndGlobalSection
EndGlobal
